
Microsoft Visual Studio Solution File, Format Version 12.00
# Visual Studio Version 17
VisualStudioVersion = 17.10.35013.160
MinimumVisualStudioVersion = 10.0.40219.1
Project("{FAE04EC0-301F-11D3-BF4B-00C04F79EFBC}") = "BankAccount.cs", "Bank\BankAccount.cs.csproj", "{C27EC7ED-192F-43E4-B728-C5DB4B0E62A1}"
EndProject
Project("{FAE04EC0-301F-11D3-BF4B-00C04F79EFBC}") = "BankTests", "BankTests\BankTests.csproj", "{4760FAE1-2154-4E0D-997D-1413F6C8E888}"
EndProject
Global
	GlobalSection(SolutionConfigurationPlatforms) = preSolution
		Debug|Any CPU = Debug|Any CPU
		Release|Any CPU = Release|Any CPU
	EndGlobalSection
	GlobalSection(ProjectConfigurationPlatforms) = postSolution
		{C27EC7ED-192F-43E4-B728-C5DB4B0E62A1}.Debug|Any CPU.ActiveCfg = Debug|Any CPU
		{C27EC7ED-192F-43E4-B728-C5DB4B0E62A1}.Debug|Any CPU.Build.0 = Debug|Any CPU
		{C27EC7ED-192F-43E4-B728-C5DB4B0E62A1}.Release|Any CPU.ActiveCfg = Release|Any CPU
		{C27EC7ED-192F-43E4-B728-C5DB4B0E62A1}.Release|Any CPU.Build.0 = Release|Any CPU
		{4760FAE1-2154-4E0D-997D-1413F6C8E888}.Debug|Any CPU.ActiveCfg = Debug|Any CPU
		{4760FAE1-2154-4E0D-997D-1413F6C8E888}.Debug|Any CPU.Build.0 = Debug|Any CPU
		{4760FAE1-2154-4E0D-997D-1413F6C8E888}.Release|Any CPU.ActiveCfg = Release|Any CPU
		{4760FAE1-2154-4E0D-997D-1413F6C8E888}.Release|Any CPU.Build.0 = Release|Any CPU
	EndGlobalSection
	GlobalSection(SolutionProperties) = preSolution
		HideSolutionNode = FALSE
	EndGlobalSection
	GlobalSection(ExtensibilityGlobals) = postSolution
		SolutionGuid = {C277A778-5B85-4428-9189-B8CB73EDFEA2}
	EndGlobalSection
EndGlobal
